
Microsoft Visual Studio Solution File, Format Version 12.00
# Visual Studio Version 16
VisualStudioVersion = 16.0.32901.82
MinimumVisualStudioVersion = 10.0.40219.1
Project("{FAE04EC0-301F-11D3-BF4B-00C04F79EFBC}") = "Delegate", "Delegate\Delegate.csproj", "{3F9796FD-D560-45E0-B93C-2C51162E8837}"
EndProject
Global
	GlobalSection(SolutionConfigurationPlatforms) = preSolution
		Debug|Any CPU = Debug|Any CPU
		Release|Any CPU = Release|Any CPU
	EndGlobalSection
	GlobalSection(ProjectConfigurationPlatforms) = postSolution
		{3F9796FD-D560-45E0-B93C-2C51162E8837}.Debug|Any CPU.ActiveCfg = Debug|Any CPU
		{3F9796FD-D560-45E0-B93C-2C51162E8837}.Debug|Any CPU.Build.0 = Debug|Any CPU
		{3F9796FD-D560-45E0-B93C-2C51162E8837}.Release|Any CPU.ActiveCfg = Release|Any CPU
		{3F9796FD-D560-45E0-B93C-2C51162E8837}.Release|Any CPU.Build.0 = Release|Any CPU
	EndGlobalSection
	GlobalSection(SolutionProperties) = preSolution
		HideSolutionNode = FALSE
	EndGlobalSection
	GlobalSection(ExtensibilityGlobals) = postSolution
		SolutionGuid = {DFBC8F28-255B-409C-9B00-3B167F8FE207}
	EndGlobalSection
EndGlobal
